
Microsoft Visual Studio Solution File, Format Version 12.00
# Visual Studio Version 17
VisualStudioVersion = 17.2.32526.322
MinimumVisualStudioVersion = 10.0.40219.1
Project("{2150E333-8FDC-42A3-9474-1A3956D46DE8}") = "app-1", "app-1", "{183A5810-0C4F-4859-B3CD-DA497BC6B0C0}"
EndProject
Project("{2150E333-8FDC-42A3-9474-1A3956D46DE8}") = "app-2", "app-2", "{AE59C1A7-3B15-4872-8DA4-3B2853478125}"
EndProject
Project("{2150E333-8FDC-42A3-9474-1A3956D46DE8}") = "app-3", "app-3", "{49CCEA50-C7DC-4953-BC35-FD6EED84FCF1}"
EndProject
Project("{2150E333-8FDC-42A3-9474-1A3956D46DE8}") = "app-4", "app-4", "{F6112931-31E9-4602-9722-75BB9C0529BC}"
EndProject
Project("{2150E333-8FDC-42A3-9474-1A3956D46DE8}") = "app-5", "app-5", "{83F3180F-B11C-4D2B-95FF-A0581FC0F3A3}"
EndProject
Project("{2150E333-8FDC-42A3-9474-1A3956D46DE8}") = "producer", "producer", "{B5958E03-2257-416A-93F9-4A6734CDEA75}"
EndProject
Project("{2150E333-8FDC-42A3-9474-1A3956D46DE8}") = "consumer", "consumer", "{2253EFA2-59A4-409B-A118-918E6C12D062}"
EndProject
Project("{9A19103F-16F7-4668-BE54-9A1E7A4F7556}") = "StreamCluster1.Producer", "app-1\producer\StreamCluster1.Producer\StreamCluster1.Producer.csproj", "{FFBF472B-A360-46B9-8B3F-A8247A334291}"
EndProject
Project("{FAE04EC0-301F-11D3-BF4B-00C04F79EFBC}") = "StreamCluster1.Consumer", "app-1\consumer\StreamCluster1.Consumer\StreamCluster1.Consumer.csproj", "{6D1E60F7-2A54-4D07-98E5-A71413D098F0}"
EndProject
Project("{2150E333-8FDC-42A3-9474-1A3956D46DE8}") = "producer", "producer", "{87B94CCE-EEE3-4B94-8EB8-DC51D1E74514}"
EndProject
Project("{2150E333-8FDC-42A3-9474-1A3956D46DE8}") = "consumer", "consumer", "{803E3C2B-7F1F-4DD2-9854-2BD080A56457}"
EndProject
Project("{2150E333-8FDC-42A3-9474-1A3956D46DE8}") = "producer", "producer", "{AD7508B7-F95B-4FEC-8003-D500B7884F71}"
EndProject
Project("{2150E333-8FDC-42A3-9474-1A3956D46DE8}") = "consumer", "consumer", "{638FFBF9-8C80-48EE-9D08-5B6D093344A6}"
EndProject
Project("{2150E333-8FDC-42A3-9474-1A3956D46DE8}") = "consumer", "consumer", "{7BB89F6B-FD7C-4024-AB99-E5AF35630741}"
EndProject
Project("{2150E333-8FDC-42A3-9474-1A3956D46DE8}") = "producer", "producer", "{E5C3A43C-E9F2-4125-A0FF-FDDAF4830260}"
EndProject
Project("{2150E333-8FDC-42A3-9474-1A3956D46DE8}") = "producer", "producer", "{098A14D4-BF80-4F19-8C49-62ADD9418301}"
EndProject
Project("{2150E333-8FDC-42A3-9474-1A3956D46DE8}") = "consumer", "consumer", "{4BC13511-5F26-4ABC-AC28-2EADC8555F87}"
EndProject
Project("{9A19103F-16F7-4668-BE54-9A1E7A4F7556}") = "StreamCluster2.Producer", "app-2\producer\StreamCluster2.Producer\StreamCluster2.Producer.csproj", "{617B61E8-2C6E-4C8B-A1BB-608A5AD5D5B5}"
EndProject
Project("{9A19103F-16F7-4668-BE54-9A1E7A4F7556}") = "StreamCluster2.Consumer", "app-2\consumer\StreamCluster2.Consumer\StreamCluster2.Consumer.csproj", "{7F7081D3-BC07-456A-8B26-32CAC75FD562}"
EndProject
Project("{9A19103F-16F7-4668-BE54-9A1E7A4F7556}") = "StreamCluster3.Consumer", "app-3\consumer\StreamCluster3.Consumer\StreamCluster3.Consumer.csproj", "{75D0C01C-1455-4B01-8928-F2127362C6AD}"
EndProject
Project("{9A19103F-16F7-4668-BE54-9A1E7A4F7556}") = "StreamCluster3.Producer", "app-3\producer\StreamCluster3.Producer\StreamCluster3.Producer.csproj", "{B0E1F96F-5CFF-4A8B-A1F1-CF4A6662D3DF}"
EndProject
Project("{9A19103F-16F7-4668-BE54-9A1E7A4F7556}") = "StreamCluster4.Consumer", "app-4\consumer\StreamCluster4.Consumer\StreamCluster4.Consumer.csproj", "{E5BD447C-3D8A-4464-8696-F541ABC9DF2D}"
EndProject
Project("{9A19103F-16F7-4668-BE54-9A1E7A4F7556}") = "StreamCluster4.Producer", "app-4\producer\StreamCluster4.Producer\StreamCluster4.Producer.csproj", "{AEEAF1A3-BC35-486C-A903-0FF7FA4F21D0}"
EndProject
Project("{9A19103F-16F7-4668-BE54-9A1E7A4F7556}") = "StreamCluster5.Consumer", "app-5\consumer\StreamCluster5.Consumer\StreamCluster5.Consumer.csproj", "{D94E6838-E112-427A-B188-61DE2C78721D}"
EndProject
Project("{9A19103F-16F7-4668-BE54-9A1E7A4F7556}") = "StreamCluster5.Producer", "app-5\producer\StreamCluster5.Producer\StreamCluster5.Producer.csproj", "{7876389B-C9CA-40C3-BB28-D93AFC3F0608}"
EndProject
Global
	GlobalSection(SolutionConfigurationPlatforms) = preSolution
		Debug|Any CPU = Debug|Any CPU
		Release|Any CPU = Release|Any CPU
	EndGlobalSection
	GlobalSection(ProjectConfigurationPlatforms) = postSolution
		{FFBF472B-A360-46B9-8B3F-A8247A334291}.Debug|Any CPU.ActiveCfg = Debug|Any CPU
		{FFBF472B-A360-46B9-8B3F-A8247A334291}.Debug|Any CPU.Build.0 = Debug|Any CPU
		{FFBF472B-A360-46B9-8B3F-A8247A334291}.Release|Any CPU.ActiveCfg = Release|Any CPU
		{FFBF472B-A360-46B9-8B3F-A8247A334291}.Release|Any CPU.Build.0 = Release|Any CPU
		{6D1E60F7-2A54-4D07-98E5-A71413D098F0}.Debug|Any CPU.ActiveCfg = Debug|Any CPU
		{6D1E60F7-2A54-4D07-98E5-A71413D098F0}.Debug|Any CPU.Build.0 = Debug|Any CPU
		{6D1E60F7-2A54-4D07-98E5-A71413D098F0}.Release|Any CPU.ActiveCfg = Release|Any CPU
		{6D1E60F7-2A54-4D07-98E5-A71413D098F0}.Release|Any CPU.Build.0 = Release|Any CPU
		{617B61E8-2C6E-4C8B-A1BB-608A5AD5D5B5}.Debug|Any CPU.ActiveCfg = Debug|Any CPU
		{617B61E8-2C6E-4C8B-A1BB-608A5AD5D5B5}.Debug|Any CPU.Build.0 = Debug|Any CPU
		{617B61E8-2C6E-4C8B-A1BB-608A5AD5D5B5}.Release|Any CPU.ActiveCfg = Release|Any CPU
		{617B61E8-2C6E-4C8B-A1BB-608A5AD5D5B5}.Release|Any CPU.Build.0 = Release|Any CPU
		{7F7081D3-BC07-456A-8B26-32CAC75FD562}.Debug|Any CPU.ActiveCfg = Debug|Any CPU
		{7F7081D3-BC07-456A-8B26-32CAC75FD562}.Debug|Any CPU.Build.0 = Debug|Any CPU
		{7F7081D3-BC07-456A-8B26-32CAC75FD562}.Release|Any CPU.ActiveCfg = Release|Any CPU
		{7F7081D3-BC07-456A-8B26-32CAC75FD562}.Release|Any CPU.Build.0 = Release|Any CPU
		{75D0C01C-1455-4B01-8928-F2127362C6AD}.Debug|Any CPU.ActiveCfg = Debug|Any CPU
		{75D0C01C-1455-4B01-8928-F2127362C6AD}.Debug|Any CPU.Build.0 = Debug|Any CPU
		{75D0C01C-1455-4B01-8928-F2127362C6AD}.Release|Any CPU.ActiveCfg = Release|Any CPU
		{75D0C01C-1455-4B01-8928-F2127362C6AD}.Release|Any CPU.Build.0 = Release|Any CPU
		{B0E1F96F-5CFF-4A8B-A1F1-CF4A6662D3DF}.Debug|Any CPU.ActiveCfg = Debug|Any CPU
		{B0E1F96F-5CFF-4A8B-A1F1-CF4A6662D3DF}.Debug|Any CPU.Build.0 = Debug|Any CPU
		{B0E1F96F-5CFF-4A8B-A1F1-CF4A6662D3DF}.Release|Any CPU.ActiveCfg = Release|Any CPU
		{B0E1F96F-5CFF-4A8B-A1F1-CF4A6662D3DF}.Release|Any CPU.Build.0 = Release|Any CPU
		{E5BD447C-3D8A-4464-8696-F541ABC9DF2D}.Debug|Any CPU.ActiveCfg = Debug|Any CPU
		{E5BD447C-3D8A-4464-8696-F541ABC9DF2D}.Debug|Any CPU.Build.0 = Debug|Any CPU
		{E5BD447C-3D8A-4464-8696-F541ABC9DF2D}.Release|Any CPU.ActiveCfg = Release|Any CPU
		{E5BD447C-3D8A-4464-8696-F541ABC9DF2D}.Release|Any CPU.Build.0 = Release|Any CPU
		{AEEAF1A3-BC35-486C-A903-0FF7FA4F21D0}.Debug|Any CPU.ActiveCfg = Debug|Any CPU
		{AEEAF1A3-BC35-486C-A903-0FF7FA4F21D0}.Debug|Any CPU.Build.0 = Debug|Any CPU
		{AEEAF1A3-BC35-486C-A903-0FF7FA4F21D0}.Release|Any CPU.ActiveCfg = Release|Any CPU
		{AEEAF1A3-BC35-486C-A903-0FF7FA4F21D0}.Release|Any CPU.Build.0 = Release|Any CPU
		{D94E6838-E112-427A-B188-61DE2C78721D}.Debug|Any CPU.ActiveCfg = Debug|Any CPU
		{D94E6838-E112-427A-B188-61DE2C78721D}.Debug|Any CPU.Build.0 = Debug|Any CPU
		{D94E6838-E112-427A-B188-61DE2C78721D}.Release|Any CPU.ActiveCfg = Release|Any CPU
		{D94E6838-E112-427A-B188-61DE2C78721D}.Release|Any CPU.Build.0 = Release|Any CPU
		{7876389B-C9CA-40C3-BB28-D93AFC3F0608}.Debug|Any CPU.ActiveCfg = Debug|Any CPU
		{7876389B-C9CA-40C3-BB28-D93AFC3F0608}.Debug|Any CPU.Build.0 = Debug|Any CPU
		{7876389B-C9CA-40C3-BB28-D93AFC3F0608}.Release|Any CPU.ActiveCfg = Release|Any CPU
		{7876389B-C9CA-40C3-BB28-D93AFC3F0608}.Release|Any CPU.Build.0 = Release|Any CPU
	EndGlobalSection
	GlobalSection(SolutionProperties) = preSolution
		HideSolutionNode = FALSE
	EndGlobalSection
	GlobalSection(NestedProjects) = preSolution
		{B5958E03-2257-416A-93F9-4A6734CDEA75} = {183A5810-0C4F-4859-B3CD-DA497BC6B0C0}
		{2253EFA2-59A4-409B-A118-918E6C12D062} = {183A5810-0C4F-4859-B3CD-DA497BC6B0C0}
		{FFBF472B-A360-46B9-8B3F-A8247A334291} = {B5958E03-2257-416A-93F9-4A6734CDEA75}
		{6D1E60F7-2A54-4D07-98E5-A71413D098F0} = {2253EFA2-59A4-409B-A118-918E6C12D062}
		{87B94CCE-EEE3-4B94-8EB8-DC51D1E74514} = {AE59C1A7-3B15-4872-8DA4-3B2853478125}
		{803E3C2B-7F1F-4DD2-9854-2BD080A56457} = {AE59C1A7-3B15-4872-8DA4-3B2853478125}
		{AD7508B7-F95B-4FEC-8003-D500B7884F71} = {49CCEA50-C7DC-4953-BC35-FD6EED84FCF1}
		{638FFBF9-8C80-48EE-9D08-5B6D093344A6} = {49CCEA50-C7DC-4953-BC35-FD6EED84FCF1}
		{7BB89F6B-FD7C-4024-AB99-E5AF35630741} = {F6112931-31E9-4602-9722-75BB9C0529BC}
		{E5C3A43C-E9F2-4125-A0FF-FDDAF4830260} = {F6112931-31E9-4602-9722-75BB9C0529BC}
		{098A14D4-BF80-4F19-8C49-62ADD9418301} = {83F3180F-B11C-4D2B-95FF-A0581FC0F3A3}
		{4BC13511-5F26-4ABC-AC28-2EADC8555F87} = {83F3180F-B11C-4D2B-95FF-A0581FC0F3A3}
		{617B61E8-2C6E-4C8B-A1BB-608A5AD5D5B5} = {87B94CCE-EEE3-4B94-8EB8-DC51D1E74514}
		{7F7081D3-BC07-456A-8B26-32CAC75FD562} = {803E3C2B-7F1F-4DD2-9854-2BD080A56457}
		{75D0C01C-1455-4B01-8928-F2127362C6AD} = {638FFBF9-8C80-48EE-9D08-5B6D093344A6}
		{B0E1F96F-5CFF-4A8B-A1F1-CF4A6662D3DF} = {AD7508B7-F95B-4FEC-8003-D500B7884F71}
		{E5BD447C-3D8A-4464-8696-F541ABC9DF2D} = {7BB89F6B-FD7C-4024-AB99-E5AF35630741}
		{AEEAF1A3-BC35-486C-A903-0FF7FA4F21D0} = {E5C3A43C-E9F2-4125-A0FF-FDDAF4830260}
		{D94E6838-E112-427A-B188-61DE2C78721D} = {4BC13511-5F26-4ABC-AC28-2EADC8555F87}
		{7876389B-C9CA-40C3-BB28-D93AFC3F0608} = {098A14D4-BF80-4F19-8C49-62ADD9418301}
	EndGlobalSection
	GlobalSection(ExtensibilityGlobals) = postSolution
		SolutionGuid = {4F4BC5F1-E0A9-41B9-9E57-D802EA3CA8DF}
	EndGlobalSection
EndGlobal
